
Microsoft Visual Studio Solution File, Format Version 12.00
# Visual Studio Version 17
VisualStudioVersion = 17.7.34024.191
MinimumVisualStudioVersion = 10.0.40219.1
Project("{9A19103F-16F7-4668-BE54-9A1E7A4F7556}") = "pubs.Domain", "pubs.Domain\pubs.Domain.csproj", "{5FE301AD-EB24-4883-8FC1-8603AB011127}"
EndProject
Project("{9A19103F-16F7-4668-BE54-9A1E7A4F7556}") = "pubs.Infrastructure", "pubs.Infrastructure\pubs.Infrastructure.csproj", "{A876331B-04FE-4573-BBEB-258007209414}"
EndProject
Project("{9A19103F-16F7-4668-BE54-9A1E7A4F7556}") = "pubs.Application", "pubs.Application\pubs.Application.csproj", "{B3AA13A2-FF82-46A7-9A76-E609E7BEA898}"
EndProject
Project("{9A19103F-16F7-4668-BE54-9A1E7A4F7556}") = "pubs.Web", "pubs.Web\pubs.Web.csproj", "{A19AC10E-A7CC-4A81-9E4C-C8A246F6E510}"
EndProject
Project("{9A19103F-16F7-4668-BE54-9A1E7A4F7556}") = "pubs.Api", "pubs.Api\pubs.Api.csproj", "{05D187CE-00E3-4FDC-90C7-8128477EB4E7}"
EndProject
Project("{9A19103F-16F7-4668-BE54-9A1E7A4F7556}") = "pubs.Ioc", "pubs.Ioc\pubs.Ioc.csproj", "{FB0E1D27-F573-4CD4-8637-2482058CC010}"
EndProject
Project("{9A19103F-16F7-4668-BE54-9A1E7A4F7556}") = "pubs.IntegrationTest", "pubs.IntegrationTest\pubs.IntegrationTest.csproj", "{23246E46-ED8C-44F6-93BF-25C1456C5609}"
EndProject
Project("{9A19103F-16F7-4668-BE54-9A1E7A4F7556}") = "pubs.UnitTest", "pubs.UnitTest\pubs.UnitTest.csproj", "{88F7A54B-CE70-4687-8148-2F7DD3A2F3D2}"
EndProject
Global
	GlobalSection(SolutionConfigurationPlatforms) = preSolution
		Debug|Any CPU = Debug|Any CPU
		Release|Any CPU = Release|Any CPU
	EndGlobalSection
	GlobalSection(ProjectConfigurationPlatforms) = postSolution
		{5FE301AD-EB24-4883-8FC1-8603AB011127}.Debug|Any CPU.ActiveCfg = Debug|Any CPU
		{5FE301AD-EB24-4883-8FC1-8603AB011127}.Debug|Any CPU.Build.0 = Debug|Any CPU
		{5FE301AD-EB24-4883-8FC1-8603AB011127}.Release|Any CPU.ActiveCfg = Release|Any CPU
		{5FE301AD-EB24-4883-8FC1-8603AB011127}.Release|Any CPU.Build.0 = Release|Any CPU
		{A876331B-04FE-4573-BBEB-258007209414}.Debug|Any CPU.ActiveCfg = Debug|Any CPU
		{A876331B-04FE-4573-BBEB-258007209414}.Debug|Any CPU.Build.0 = Debug|Any CPU
		{A876331B-04FE-4573-BBEB-258007209414}.Release|Any CPU.ActiveCfg = Release|Any CPU
		{A876331B-04FE-4573-BBEB-258007209414}.Release|Any CPU.Build.0 = Release|Any CPU
		{B3AA13A2-FF82-46A7-9A76-E609E7BEA898}.Debug|Any CPU.ActiveCfg = Debug|Any CPU
		{B3AA13A2-FF82-46A7-9A76-E609E7BEA898}.Debug|Any CPU.Build.0 = Debug|Any CPU
		{B3AA13A2-FF82-46A7-9A76-E609E7BEA898}.Release|Any CPU.ActiveCfg = Release|Any CPU
		{B3AA13A2-FF82-46A7-9A76-E609E7BEA898}.Release|Any CPU.Build.0 = Release|Any CPU
		{A19AC10E-A7CC-4A81-9E4C-C8A246F6E510}.Debug|Any CPU.ActiveCfg = Debug|Any CPU
		{A19AC10E-A7CC-4A81-9E4C-C8A246F6E510}.Debug|Any CPU.Build.0 = Debug|Any CPU
		{A19AC10E-A7CC-4A81-9E4C-C8A246F6E510}.Release|Any CPU.ActiveCfg = Release|Any CPU
		{A19AC10E-A7CC-4A81-9E4C-C8A246F6E510}.Release|Any CPU.Build.0 = Release|Any CPU
		{05D187CE-00E3-4FDC-90C7-8128477EB4E7}.Debug|Any CPU.ActiveCfg = Debug|Any CPU
		{05D187CE-00E3-4FDC-90C7-8128477EB4E7}.Debug|Any CPU.Build.0 = Debug|Any CPU
		{05D187CE-00E3-4FDC-90C7-8128477EB4E7}.Release|Any CPU.ActiveCfg = Release|Any CPU
		{05D187CE-00E3-4FDC-90C7-8128477EB4E7}.Release|Any CPU.Build.0 = Release|Any CPU
		{FB0E1D27-F573-4CD4-8637-2482058CC010}.Debug|Any CPU.ActiveCfg = Debug|Any CPU
		{FB0E1D27-F573-4CD4-8637-2482058CC010}.Debug|Any CPU.Build.0 = Debug|Any CPU
		{FB0E1D27-F573-4CD4-8637-2482058CC010}.Release|Any CPU.ActiveCfg = Release|Any CPU
		{FB0E1D27-F573-4CD4-8637-2482058CC010}.Release|Any CPU.Build.0 = Release|Any CPU
		{23246E46-ED8C-44F6-93BF-25C1456C5609}.Debug|Any CPU.ActiveCfg = Debug|Any CPU
		{23246E46-ED8C-44F6-93BF-25C1456C5609}.Debug|Any CPU.Build.0 = Debug|Any CPU
		{23246E46-ED8C-44F6-93BF-25C1456C5609}.Release|Any CPU.ActiveCfg = Release|Any CPU
		{23246E46-ED8C-44F6-93BF-25C1456C5609}.Release|Any CPU.Build.0 = Release|Any CPU
		{88F7A54B-CE70-4687-8148-2F7DD3A2F3D2}.Debug|Any CPU.ActiveCfg = Debug|Any CPU
		{88F7A54B-CE70-4687-8148-2F7DD3A2F3D2}.Debug|Any CPU.Build.0 = Debug|Any CPU
		{88F7A54B-CE70-4687-8148-2F7DD3A2F3D2}.Release|Any CPU.ActiveCfg = Release|Any CPU
		{88F7A54B-CE70-4687-8148-2F7DD3A2F3D2}.Release|Any CPU.Build.0 = Release|Any CPU
	EndGlobalSection
	GlobalSection(SolutionProperties) = preSolution
		HideSolutionNode = FALSE
	EndGlobalSection
	GlobalSection(ExtensibilityGlobals) = postSolution
		SolutionGuid = {335ABAFA-BF46-4EB1-AA20-053A35DEA96D}
	EndGlobalSection
EndGlobal
